{
  "originHash" : "1f32930536b80cf830f115a3c19acf9f8bf3fd358832a26b531a2d29aba75221",
  "pins" : [
    {
      "identity" : "p1sdk.ios.app",
      "kind" : "remoteSourceControl",
      "location" : "https://github.com/partneroneti/p1sdk.ios.app",
      "state" : {
        "branch" : "main",
        "revision" : "0bf6c0a0885e9b4b575bdbf9120a03832b821f97"
      }
    }
  ],
  "version" : 3
}
