PODS:
  - Alamofire (4.9.1)
  - ObjectMapper (3.5.3)
  - PartnerOneSDK (0.1.0)

DEPENDENCIES:
  - Alamofire (~> 4.7)
  - ObjectMapper (~> 3.5)
  - PartnerOneSDK (from `https://github.com/partneroneti/p1sdk.ios.git`, branch `fix/code-cleaning`)

SPEC REPOS:
  trunk:
    - Alamofire
    - ObjectMapper

EXTERNAL SOURCES:
  PartnerOneSDK:
    :branch: fix/code-cleaning
    :git: https://github.com/partneroneti/p1sdk.ios.git

CHECKOUT OPTIONS:
  PartnerOneSDK:
    :commit: 12f23cb7f965d2f73c62576838bc19c46511df1a
    :git: https://github.com/partneroneti/p1sdk.ios.git

SPEC CHECKSUMS:
  Alamofire: 85e8a02c69d6020a0d734f6054870d7ecb75cf18
  ObjectMapper: 97111c97e054a6ee25917662106689f0b4127b37
  PartnerOneSDK: 10178fd68100c05d8997a703fbae253656d6f951

PODFILE CHECKSUM: bfc87eca6b743b478a37dcdc9aaa75b2db70f028

COCOAPODS: 1.11.3
